
Microsoft Visual Studio Solution File, Format Version 12.00
# Visual Studio Version 17
VisualStudioVersion = 17.14.36408.4
MinimumVisualStudioVersion = 10.0.40219.1
Project("{2150E333-8FDC-42A3-9474-1A3956D46DE8}") = "Services", "Services", "{02EA681E-C7D8-13C7-8484-4AC65E1B71E8}"
EndProject
Project("{2150E333-8FDC-42A3-9474-1A3956D46DE8}") = "Catalog", "Catalog", "{5E59B5C7-149D-4606-A06C-10B8156E86E0}"
EndProject
Project("{FAE04EC0-301F-11D3-BF4B-00C04F79EFBC}") = "Catalog.Application", "services\catalog\Catalog.Application\Catalog.Application.csproj", "{A170C617-3D3C-4F5A-9EC3-9D6B903B2121}"
EndProject
Project("{FAE04EC0-301F-11D3-BF4B-00C04F79EFBC}") = "Catalog.Core", "services\catalog\Catalog.Core\Catalog.Core.csproj", "{562676FC-4E25-4D6D-BD40-B75707AFEEAA}"
EndProject
Project("{FAE04EC0-301F-11D3-BF4B-00C04F79EFBC}") = "Catalog.API", "services\catalog\Catalog.API\Catalog.API.csproj", "{33FC5A32-CDDC-EE43-9CA6-483EA2BFBE99}"
EndProject
Project("{FAE04EC0-301F-11D3-BF4B-00C04F79EFBC}") = "Catalog.Infrastructure", "services\catalog\Catalog.Infrastructure\Catalog.Infrastructure.csproj", "{16468A74-CF1C-F71D-E8A6-9333559A2163}"
EndProject
Project("{E53339B2-1760-4266-BCC7-CA923CBCF16C}") = "docker-compose", "docker-compose.dcproj", "{81DDED9D-158B-E303-5F62-77A2896D2A5A}"
EndProject
Project("{FAE04EC0-301F-11D3-BF4B-00C04F79EFBC}") = "Basket.API", "services\Basket\Basket.API\Basket.API.csproj", "{118545CA-7774-4D1A-B663-0E644CAC19F4}"
EndProject
Project("{2150E333-8FDC-42A3-9474-1A3956D46DE8}") = "Basket", "Basket", "{D6789847-9D7B-46DE-B04B-7E34013311E9}"
EndProject
Project("{FAE04EC0-301F-11D3-BF4B-00C04F79EFBC}") = "Basket.Application", "services\Basket\Basket.Application\Basket.Application.csproj", "{993BBD68-DFF5-49F7-A929-E3B6BAC4003E}"
EndProject
Project("{FAE04EC0-301F-11D3-BF4B-00C04F79EFBC}") = "Basket.Core", "services\Basket\Basket.Core\Basket.Core.csproj", "{27B9C0D7-2D66-4D9F-8420-81856810DD2C}"
EndProject
Project("{FAE04EC0-301F-11D3-BF4B-00C04F79EFBC}") = "Basket.Infrastructure", "services\Basket\Basket.Infrastructure\Basket.Infrastructure.csproj", "{D8F29B5D-092B-4B33-9853-035C7CC7286D}"
EndProject
Project("{FAE04EC0-301F-11D3-BF4B-00C04F79EFBC}") = "Discount.API", "services\Discount\Discount.API\Discount.API.csproj", "{6DCAE3C3-C489-4DCA-83C0-1F3DC4E0A820}"
EndProject
Project("{2150E333-8FDC-42A3-9474-1A3956D46DE8}") = "Discount", "Discount", "{C77DC4A3-4375-46E7-8D6E-04AD5097C7FC}"
EndProject
Project("{FAE04EC0-301F-11D3-BF4B-00C04F79EFBC}") = "Discount.Core", "services\Discount\Discount.Core\Discount.Core.csproj", "{9AA1818E-7B8F-47AB-910F-385A6D201347}"
EndProject
Project("{FAE04EC0-301F-11D3-BF4B-00C04F79EFBC}") = "Discount.Application", "services\Discount\Discount.Application\Discount.Application.csproj", "{18EF4817-6023-47CD-9A24-B28C633D3F87}"
EndProject
Project("{FAE04EC0-301F-11D3-BF4B-00C04F79EFBC}") = "Discount.Infrastructure", "services\Discount.Infrastructure\Discount.Infrastructure.csproj", "{EF45922F-8DD9-466A-AAA1-59AE047922C5}"
EndProject
Project("{2150E333-8FDC-42A3-9474-1A3956D46DE8}") = "Ordering", "Ordering", "{FAB4E2A0-A155-4915-BD2C-CA9CE97E909B}"
EndProject
Project("{FAE04EC0-301F-11D3-BF4B-00C04F79EFBC}") = "Ordering.API", "services\Ordering\OrderingAPI\Ordering.API.csproj", "{F4FB8B45-B9EB-49C9-B65E-5FAA97F58E60}"
EndProject
Project("{FAE04EC0-301F-11D3-BF4B-00C04F79EFBC}") = "Ordering.Infrastruture", "..\OrderingInfrastruture\Ordering.Infrastruture.csproj", "{54893D20-A2D4-4F0E-9F50-512DD74565F5}"
EndProject
Project("{FAE04EC0-301F-11D3-BF4B-00C04F79EFBC}") = "Ordering.Core", "..\Order.Core\Ordering.Core.csproj", "{A78D68CF-6E37-4360-8396-8B6143466CE9}"
EndProject
Project("{FAE04EC0-301F-11D3-BF4B-00C04F79EFBC}") = "Ordering.Application", "..\Ordering.Application\Ordering.Application.csproj", "{6214BEE6-7B0D-4C07-A646-7DD338AF10F8}"
EndProject
Global
	GlobalSection(SolutionConfigurationPlatforms) = preSolution
		Debug|Any CPU = Debug|Any CPU
		Release|Any CPU = Release|Any CPU
	EndGlobalSection
	GlobalSection(ProjectConfigurationPlatforms) = postSolution
		{A170C617-3D3C-4F5A-9EC3-9D6B903B2121}.Debug|Any CPU.ActiveCfg = Debug|Any CPU
		{A170C617-3D3C-4F5A-9EC3-9D6B903B2121}.Debug|Any CPU.Build.0 = Debug|Any CPU
		{A170C617-3D3C-4F5A-9EC3-9D6B903B2121}.Release|Any CPU.ActiveCfg = Release|Any CPU
		{A170C617-3D3C-4F5A-9EC3-9D6B903B2121}.Release|Any CPU.Build.0 = Release|Any CPU
		{562676FC-4E25-4D6D-BD40-B75707AFEEAA}.Debug|Any CPU.ActiveCfg = Debug|Any CPU
		{562676FC-4E25-4D6D-BD40-B75707AFEEAA}.Debug|Any CPU.Build.0 = Debug|Any CPU
		{562676FC-4E25-4D6D-BD40-B75707AFEEAA}.Release|Any CPU.ActiveCfg = Release|Any CPU
		{562676FC-4E25-4D6D-BD40-B75707AFEEAA}.Release|Any CPU.Build.0 = Release|Any CPU
		{33FC5A32-CDDC-EE43-9CA6-483EA2BFBE99}.Debug|Any CPU.ActiveCfg = Debug|Any CPU
		{33FC5A32-CDDC-EE43-9CA6-483EA2BFBE99}.Debug|Any CPU.Build.0 = Debug|Any CPU
		{33FC5A32-CDDC-EE43-9CA6-483EA2BFBE99}.Release|Any CPU.ActiveCfg = Release|Any CPU
		{33FC5A32-CDDC-EE43-9CA6-483EA2BFBE99}.Release|Any CPU.Build.0 = Release|Any CPU
		{16468A74-CF1C-F71D-E8A6-9333559A2163}.Debug|Any CPU.ActiveCfg = Debug|Any CPU
		{16468A74-CF1C-F71D-E8A6-9333559A2163}.Debug|Any CPU.Build.0 = Debug|Any CPU
		{16468A74-CF1C-F71D-E8A6-9333559A2163}.Release|Any CPU.ActiveCfg = Release|Any CPU
		{16468A74-CF1C-F71D-E8A6-9333559A2163}.Release|Any CPU.Build.0 = Release|Any CPU
		{81DDED9D-158B-E303-5F62-77A2896D2A5A}.Debug|Any CPU.ActiveCfg = Debug|Any CPU
		{81DDED9D-158B-E303-5F62-77A2896D2A5A}.Debug|Any CPU.Build.0 = Debug|Any CPU
		{81DDED9D-158B-E303-5F62-77A2896D2A5A}.Release|Any CPU.ActiveCfg = Release|Any CPU
		{81DDED9D-158B-E303-5F62-77A2896D2A5A}.Release|Any CPU.Build.0 = Release|Any CPU
		{118545CA-7774-4D1A-B663-0E644CAC19F4}.Debug|Any CPU.ActiveCfg = Debug|Any CPU
		{118545CA-7774-4D1A-B663-0E644CAC19F4}.Debug|Any CPU.Build.0 = Debug|Any CPU
		{118545CA-7774-4D1A-B663-0E644CAC19F4}.Release|Any CPU.ActiveCfg = Release|Any CPU
		{118545CA-7774-4D1A-B663-0E644CAC19F4}.Release|Any CPU.Build.0 = Release|Any CPU
		{993BBD68-DFF5-49F7-A929-E3B6BAC4003E}.Debug|Any CPU.ActiveCfg = Debug|Any CPU
		{993BBD68-DFF5-49F7-A929-E3B6BAC4003E}.Debug|Any CPU.Build.0 = Debug|Any CPU
		{993BBD68-DFF5-49F7-A929-E3B6BAC4003E}.Release|Any CPU.ActiveCfg = Release|Any CPU
		{993BBD68-DFF5-49F7-A929-E3B6BAC4003E}.Release|Any CPU.Build.0 = Release|Any CPU
		{27B9C0D7-2D66-4D9F-8420-81856810DD2C}.Debug|Any CPU.ActiveCfg = Debug|Any CPU
		{27B9C0D7-2D66-4D9F-8420-81856810DD2C}.Debug|Any CPU.Build.0 = Debug|Any CPU
		{27B9C0D7-2D66-4D9F-8420-81856810DD2C}.Release|Any CPU.ActiveCfg = Release|Any CPU
		{27B9C0D7-2D66-4D9F-8420-81856810DD2C}.Release|Any CPU.Build.0 = Release|Any CPU
		{D8F29B5D-092B-4B33-9853-035C7CC7286D}.Debug|Any CPU.ActiveCfg = Debug|Any CPU
		{D8F29B5D-092B-4B33-9853-035C7CC7286D}.Debug|Any CPU.Build.0 = Debug|Any CPU
		{D8F29B5D-092B-4B33-9853-035C7CC7286D}.Release|Any CPU.ActiveCfg = Release|Any CPU
		{D8F29B5D-092B-4B33-9853-035C7CC7286D}.Release|Any CPU.Build.0 = Release|Any CPU
		{6DCAE3C3-C489-4DCA-83C0-1F3DC4E0A820}.Debug|Any CPU.ActiveCfg = Debug|Any CPU
		{6DCAE3C3-C489-4DCA-83C0-1F3DC4E0A820}.Debug|Any CPU.Build.0 = Debug|Any CPU
		{6DCAE3C3-C489-4DCA-83C0-1F3DC4E0A820}.Release|Any CPU.ActiveCfg = Release|Any CPU
		{6DCAE3C3-C489-4DCA-83C0-1F3DC4E0A820}.Release|Any CPU.Build.0 = Release|Any CPU
		{9AA1818E-7B8F-47AB-910F-385A6D201347}.Debug|Any CPU.ActiveCfg = Debug|Any CPU
		{9AA1818E-7B8F-47AB-910F-385A6D201347}.Debug|Any CPU.Build.0 = Debug|Any CPU
		{9AA1818E-7B8F-47AB-910F-385A6D201347}.Release|Any CPU.ActiveCfg = Release|Any CPU
		{9AA1818E-7B8F-47AB-910F-385A6D201347}.Release|Any CPU.Build.0 = Release|Any CPU
		{18EF4817-6023-47CD-9A24-B28C633D3F87}.Debug|Any CPU.ActiveCfg = Debug|Any CPU
		{18EF4817-6023-47CD-9A24-B28C633D3F87}.Debug|Any CPU.Build.0 = Debug|Any CPU
		{18EF4817-6023-47CD-9A24-B28C633D3F87}.Release|Any CPU.ActiveCfg = Release|Any CPU
		{18EF4817-6023-47CD-9A24-B28C633D3F87}.Release|Any CPU.Build.0 = Release|Any CPU
		{EF45922F-8DD9-466A-AAA1-59AE047922C5}.Debug|Any CPU.ActiveCfg = Debug|Any CPU
		{EF45922F-8DD9-466A-AAA1-59AE047922C5}.Debug|Any CPU.Build.0 = Debug|Any CPU
		{EF45922F-8DD9-466A-AAA1-59AE047922C5}.Release|Any CPU.ActiveCfg = Release|Any CPU
		{EF45922F-8DD9-466A-AAA1-59AE047922C5}.Release|Any CPU.Build.0 = Release|Any CPU
		{F4FB8B45-B9EB-49C9-B65E-5FAA97F58E60}.Debug|Any CPU.ActiveCfg = Debug|Any CPU
		{F4FB8B45-B9EB-49C9-B65E-5FAA97F58E60}.Debug|Any CPU.Build.0 = Debug|Any CPU
		{F4FB8B45-B9EB-49C9-B65E-5FAA97F58E60}.Release|Any CPU.ActiveCfg = Release|Any CPU
		{F4FB8B45-B9EB-49C9-B65E-5FAA97F58E60}.Release|Any CPU.Build.0 = Release|Any CPU
		{54893D20-A2D4-4F0E-9F50-512DD74565F5}.Debug|Any CPU.ActiveCfg = Debug|Any CPU
		{54893D20-A2D4-4F0E-9F50-512DD74565F5}.Debug|Any CPU.Build.0 = Debug|Any CPU
		{54893D20-A2D4-4F0E-9F50-512DD74565F5}.Release|Any CPU.ActiveCfg = Release|Any CPU
		{54893D20-A2D4-4F0E-9F50-512DD74565F5}.Release|Any CPU.Build.0 = Release|Any CPU
		{A78D68CF-6E37-4360-8396-8B6143466CE9}.Debug|Any CPU.ActiveCfg = Debug|Any CPU
		{A78D68CF-6E37-4360-8396-8B6143466CE9}.Debug|Any CPU.Build.0 = Debug|Any CPU
		{A78D68CF-6E37-4360-8396-8B6143466CE9}.Release|Any CPU.ActiveCfg = Release|Any CPU
		{A78D68CF-6E37-4360-8396-8B6143466CE9}.Release|Any CPU.Build.0 = Release|Any CPU
		{6214BEE6-7B0D-4C07-A646-7DD338AF10F8}.Debug|Any CPU.ActiveCfg = Debug|Any CPU
		{6214BEE6-7B0D-4C07-A646-7DD338AF10F8}.Debug|Any CPU.Build.0 = Debug|Any CPU
		{6214BEE6-7B0D-4C07-A646-7DD338AF10F8}.Release|Any CPU.ActiveCfg = Release|Any CPU
		{6214BEE6-7B0D-4C07-A646-7DD338AF10F8}.Release|Any CPU.Build.0 = Release|Any CPU
	EndGlobalSection
	GlobalSection(SolutionProperties) = preSolution
		HideSolutionNode = FALSE
	EndGlobalSection
	GlobalSection(NestedProjects) = preSolution
		{5E59B5C7-149D-4606-A06C-10B8156E86E0} = {02EA681E-C7D8-13C7-8484-4AC65E1B71E8}
		{A170C617-3D3C-4F5A-9EC3-9D6B903B2121} = {5E59B5C7-149D-4606-A06C-10B8156E86E0}
		{562676FC-4E25-4D6D-BD40-B75707AFEEAA} = {5E59B5C7-149D-4606-A06C-10B8156E86E0}
		{33FC5A32-CDDC-EE43-9CA6-483EA2BFBE99} = {5E59B5C7-149D-4606-A06C-10B8156E86E0}
		{16468A74-CF1C-F71D-E8A6-9333559A2163} = {5E59B5C7-149D-4606-A06C-10B8156E86E0}
		{118545CA-7774-4D1A-B663-0E644CAC19F4} = {D6789847-9D7B-46DE-B04B-7E34013311E9}
		{D6789847-9D7B-46DE-B04B-7E34013311E9} = {02EA681E-C7D8-13C7-8484-4AC65E1B71E8}
		{993BBD68-DFF5-49F7-A929-E3B6BAC4003E} = {D6789847-9D7B-46DE-B04B-7E34013311E9}
		{27B9C0D7-2D66-4D9F-8420-81856810DD2C} = {D6789847-9D7B-46DE-B04B-7E34013311E9}
		{D8F29B5D-092B-4B33-9853-035C7CC7286D} = {D6789847-9D7B-46DE-B04B-7E34013311E9}
		{6DCAE3C3-C489-4DCA-83C0-1F3DC4E0A820} = {C77DC4A3-4375-46E7-8D6E-04AD5097C7FC}
		{C77DC4A3-4375-46E7-8D6E-04AD5097C7FC} = {02EA681E-C7D8-13C7-8484-4AC65E1B71E8}
		{9AA1818E-7B8F-47AB-910F-385A6D201347} = {C77DC4A3-4375-46E7-8D6E-04AD5097C7FC}
		{18EF4817-6023-47CD-9A24-B28C633D3F87} = {C77DC4A3-4375-46E7-8D6E-04AD5097C7FC}
		{EF45922F-8DD9-466A-AAA1-59AE047922C5} = {C77DC4A3-4375-46E7-8D6E-04AD5097C7FC}
		{FAB4E2A0-A155-4915-BD2C-CA9CE97E909B} = {02EA681E-C7D8-13C7-8484-4AC65E1B71E8}
		{F4FB8B45-B9EB-49C9-B65E-5FAA97F58E60} = {FAB4E2A0-A155-4915-BD2C-CA9CE97E909B}
		{54893D20-A2D4-4F0E-9F50-512DD74565F5} = {FAB4E2A0-A155-4915-BD2C-CA9CE97E909B}
		{A78D68CF-6E37-4360-8396-8B6143466CE9} = {FAB4E2A0-A155-4915-BD2C-CA9CE97E909B}
		{6214BEE6-7B0D-4C07-A646-7DD338AF10F8} = {FAB4E2A0-A155-4915-BD2C-CA9CE97E909B}
	EndGlobalSection
	GlobalSection(ExtensibilityGlobals) = postSolution
		SolutionGuid = {161C691C-1647-4F3B-8277-3A255BAD9FFC}
	EndGlobalSection
EndGlobal
